{
  "originHash" : "c8a2e78ab425d6bcdc3546465fe9107b6335ccd251ff4652397535dab42a7c6b",
  "pins" : [
    {
      "identity" : "capacitor-swift-pm",
      "kind" : "remoteSourceControl",
      "location" : "https://github.com/ionic-team/capacitor-swift-pm.git",
      "state" : {
        "revision" : "2231987d85b8b0b289320b1d0947b4ae8345cde4",
        "version" : "8.4.1"
      }
    }
  ],
  "version" : 3
}
